// !$*UTF8*$!
{
	archiveVersion = 1;
	classes = {
	};
	objectVersion = 55;
	objects = {

/* Begin PBXBuildFile section */
		D6BCE3712A85C60E009D149E /* AppDelegate.swift in Sources */ = {isa = PBXBuildFile; fileRef = D6BCE3702A85C60E009D149E /* AppDelegate.swift */; };
		D6BCE37A2A85C612009D149E /* Assets.xcassets in Resources */ = {isa = PBXBuildFile; fileRef = D6BCE3792A85C612009D149E /* Assets.xcassets */; };
		D6BCE37D2A85C612009D149E /* LaunchScreen.storyboard in Resources */ = {isa = PBXBuildFile; fileRef = D6BCE37B2A85C612009D149E /* LaunchScreen.storyboard */; };
		D6BCE3892A85C84E009D149E /* CharactersViewController.swift in Sources */ = {isa = PBXBuildFile; fileRef = D6BCE3882A85C84E009D149E /* CharactersViewController.swift */; };
		D6BCE38B2A85C86C009D149E /* CharactersViewModel.swift in Sources */ = {isa = PBXBuildFile; fileRef = D6BCE38A2A85C86C009D149E /* CharactersViewModel.swift */; };
		D6BCE38D2A85C8EC009D149E /* CharactersCoordinator.swift in Sources */ = {isa = PBXBuildFile; fileRef = D6BCE38C2A85C8EC009D149E /* CharactersCoordinator.swift */; };
		D6BCE38F2A85C97E009D149E /* CharactersFactory.swift in Sources */ = {isa = PBXBuildFile; fileRef = D6BCE38E2A85C97E009D149E /* CharactersFactory.swift */; };
		D6BCE3922A85F236009D149E /* CharacterDetailsFactory.swift in Sources */ = {isa = PBXBuildFile; fileRef = D6BCE3912A85F236009D149E /* CharacterDetailsFactory.swift */; };
		D6BCE3952A85F280009D149E /* ViewCode.swift in Sources */ = {isa = PBXBuildFile; fileRef = D6BCE3942A85F280009D149E /* ViewCode.swift */; };
		D6BCE3972A85F2C1009D149E /* CharacterDetailsViewController.swift in Sources */ = {isa = PBXBuildFile; fileRef = D6BCE3962A85F2C1009D149E /* CharacterDetailsViewController.swift */; };
		D6BCE3992A85F30F009D149E /* CharacterDetailsViewModel.swift in Sources */ = {isa = PBXBuildFile; fileRef = D6BCE3982A85F30F009D149E /* CharacterDetailsViewModel.swift */; };
		D6BCE39B2A85F350009D149E /* CharacterDetailsCoordinator.swift in Sources */ = {isa = PBXBuildFile; fileRef = D6BCE39A2A85F350009D149E /* CharacterDetailsCoordinator.swift */; };
		D6BCE39D2A85FF84009D149E /* CharactersViewModelDelegate.swift in Sources */ = {isa = PBXBuildFile; fileRef = D6BCE39C2A85FF84009D149E /* CharactersViewModelDelegate.swift */; };
		D6BCE3B32A86A4D9009D149E /* CharactersViewModelTests.swift in Sources */ = {isa = PBXBuildFile; fileRef = D6BCE3A42A86A439009D149E /* CharactersViewModelTests.swift */; };
		D6BCE3B52A86CC87009D149E /* BannerContent.swift in Sources */ = {isa = PBXBuildFile; fileRef = D6BCE3B42A86CC87009D149E /* BannerContent.swift */; };
		D6BCE3B72A86D022009D149E /* PageDescriptionComponent.swift in Sources */ = {isa = PBXBuildFile; fileRef = D6BCE3B62A86D022009D149E /* PageDescriptionComponent.swift */; };
		D6BCE3BA2A86D89E009D149E /* ThemeColors.swift in Sources */ = {isa = PBXBuildFile; fileRef = D6BCE3B92A86D89E009D149E /* ThemeColors.swift */; };
		D6BCE3BE2A871633009D149E /* ImageStore.swift in Sources */ = {isa = PBXBuildFile; fileRef = D6BCE3BD2A871633009D149E /* ImageStore.swift */; };
		D6BCE3C02A8717BC009D149E /* PageListComponent.swift in Sources */ = {isa = PBXBuildFile; fileRef = D6BCE3BF2A8717BC009D149E /* PageListComponent.swift */; };
		D6BCE3C32A8719A3009D149E /* CharacteresColllectionViewDataSource.swift in Sources */ = {isa = PBXBuildFile; fileRef = D6BCE3C22A8719A3009D149E /* CharacteresColllectionViewDataSource.swift */; };
		D6BCE3C62A871CB6009D149E /* CharacterCell.swift in Sources */ = {isa = PBXBuildFile; fileRef = D6BCE3C52A871CB5009D149E /* CharacterCell.swift */; };
		D6BCE3C92A8739A7009D149E /* CharacterFilterFactory.swift in Sources */ = {isa = PBXBuildFile; fileRef = D6BCE3C82A8739A7009D149E /* CharacterFilterFactory.swift */; };
		D6BCE3CB2A873D4A009D149E /* CharacterFilterViewController.swift in Sources */ = {isa = PBXBuildFile; fileRef = D6BCE3CA2A873D4A009D149E /* CharacterFilterViewController.swift */; };
		D6BCE3CE2A873DBD009D149E /* FilterContentComponent.swift in Sources */ = {isa = PBXBuildFile; fileRef = D6BCE3CD2A873DBD009D149E /* FilterContentComponent.swift */; };
		D6BCE3D02A874AF1009D149E /* CharacterFilterCoordinator.swift in Sources */ = {isa = PBXBuildFile; fileRef = D6BCE3CF2A874AF1009D149E /* CharacterFilterCoordinator.swift */; };
		D6BCE3D22A874C59009D149E /* CharacterFilterViewModel.swift in Sources */ = {isa = PBXBuildFile; fileRef = D6BCE3D12A874C59009D149E /* CharacterFilterViewModel.swift */; };
		D6BCE3D42A880A10009D149E /* DetailsHeaderComponent.swift in Sources */ = {isa = PBXBuildFile; fileRef = D6BCE3D32A880A10009D149E /* DetailsHeaderComponent.swift */; };
		D6BCE3D72A883E78009D149E /* OrientationManager.swift in Sources */ = {isa = PBXBuildFile; fileRef = D6BCE3D62A883E77009D149E /* OrientationManager.swift */; };
		D6BCE3D92A8840BA009D149E /* CharacterImageComponent.swift in Sources */ = {isa = PBXBuildFile; fileRef = D6BCE3D82A8840BA009D149E /* CharacterImageComponent.swift */; };
		D6BCE3DB2A884D4D009D149E /* FilterBannerComponent.swift in Sources */ = {isa = PBXBuildFile; fileRef = D6BCE3DA2A884D4D009D149E /* FilterBannerComponent.swift */; };
		D6BCE3DD2A885752009D149E /* CharactersService.swift in Sources */ = {isa = PBXBuildFile; fileRef = D6BCE3DC2A885752009D149E /* CharactersService.swift */; };
		D6BCE3E02A894AFE009D149E /* ApiConstants.swift in Sources */ = {isa = PBXBuildFile; fileRef = D6BCE3DF2A894AFE009D149E /* ApiConstants.swift */; };
		D6BCE3E22A894B86009D149E /* ApiRequests.swift in Sources */ = {isa = PBXBuildFile; fileRef = D6BCE3E12A894B86009D149E /* ApiRequests.swift */; };
		D6BCE3E62A8979E9009D149E /* Characters.swift in Sources */ = {isa = PBXBuildFile; fileRef = D6BCE3E52A8979E9009D149E /* Characters.swift */; };
		D6BCE3E82A89A70E009D149E /* ServiceMessageComponent.swift in Sources */ = {isa = PBXBuildFile; fileRef = D6BCE3E72A89A70E009D149E /* ServiceMessageComponent.swift */; };
		D6BCE3EA2A8A97C4009D149E /* MainInfoComponent.swift in Sources */ = {isa = PBXBuildFile; fileRef = D6BCE3E92A8A97C3009D149E /* MainInfoComponent.swift */; };
		D6BCE3EC2A8AA10E009D149E /* SecondaryInfoComponent.swift in Sources */ = {isa = PBXBuildFile; fileRef = D6BCE3EB2A8AA10E009D149E /* SecondaryInfoComponent.swift */; };
		D6BCE3EE2A8AA4F1009D149E /* CharacterDetailsViewModelDelegate.swift in Sources */ = {isa = PBXBuildFile; fileRef = D6BCE3ED2A8AA4F1009D149E /* CharacterDetailsViewModelDelegate.swift */; };
		D6BCE3F02A8AAE15009D149E /* LabelAndValueComponent.swift in Sources */ = {isa = PBXBuildFile; fileRef = D6BCE3EF2A8AAE14009D149E /* LabelAndValueComponent.swift */; };
/* End PBXBuildFile section */

/* Begin PBXContainerItemProxy section */
		D6BCE3AE2A86A4B6009D149E /* PBXContainerItemProxy */ = {
			isa = PBXContainerItemProxy;
			containerPortal = D6BCE3652A85C60E009D149E /* Project object */;
			proxyType = 1;
			remoteGlobalIDString = D6BCE36C2A85C60E009D149E;
			remoteInfo = EvensTaianStoneChallenge;
		};
/* End PBXContainerItemProxy section */

/* Begin PBXFileReference section */
		D6BCE36D2A85C60E009D149E /* EvensTaianStoneChallenge.app */ = {isa = PBXFileReference; explicitFileType = wrapper.application; includeInIndex = 0; path = EvensTaianStoneChallenge.app; sourceTree = BUILT_PRODUCTS_DIR; };
		D6BCE3702A85C60E009D149E /* AppDelegate.swift */ = {isa = PBXFileReference; lastKnownFileType = sourcecode.swift; path = AppDelegate.swift; sourceTree = "<group>"; };
		D6BCE3792A85C612009D149E /* Assets.xcassets */ = {isa = PBXFileReference; lastKnownFileType = folder.assetcatalog; path = Assets.xcassets; sourceTree = "<group>"; };
		D6BCE37C2A85C612009D149E /* Base */ = {isa = PBXFileReference; lastKnownFileType = file.storyboard; name = Base; path = Base.lproj/LaunchScreen.storyboard; sourceTree = "<group>"; };
		D6BCE37E2A85C612009D149E /* Info.plist */ = {isa = PBXFileReference; lastKnownFileType = text.plist.xml; path = Info.plist; sourceTree = "<group>"; };
		D6BCE3882A85C84E009D149E /* CharactersViewController.swift */ = {isa = PBXFileReference; lastKnownFileType = sourcecode.swift; path = CharactersViewController.swift; sourceTree = "<group>"; };
		D6BCE38A2A85C86C009D149E /* CharactersViewModel.swift */ = {isa = PBXFileReference; lastKnownFileType = sourcecode.swift; path = CharactersViewModel.swift; sourceTree = "<group>"; };
		D6BCE38C2A85C8EC009D149E /* CharactersCoordinator.swift */ = {isa = PBXFileReference; lastKnownFileType = sourcecode.swift; path = CharactersCoordinator.swift; sourceTree = "<group>"; };
		D6BCE38E2A85C97E009D149E /* CharactersFactory.swift */ = {isa = PBXFileReference; lastKnownFileType = sourcecode.swift; path = CharactersFactory.swift; sourceTree = "<group>"; };
		D6BCE3912A85F236009D149E /* CharacterDetailsFactory.swift */ = {isa = PBXFileReference; lastKnownFileType = sourcecode.swift; path = CharacterDetailsFactory.swift; sourceTree = "<group>"; };
		D6BCE3942A85F280009D149E /* ViewCode.swift */ = {isa = PBXFileReference; lastKnownFileType = sourcecode.swift; path = ViewCode.swift; sourceTree = "<group>"; };
		D6BCE3962A85F2C1009D149E /* CharacterDetailsViewController.swift */ = {isa = PBXFileReference; lastKnownFileType = sourcecode.swift; path = CharacterDetailsViewController.swift; sourceTree = "<group>"; };
		D6BCE3982A85F30F009D149E /* CharacterDetailsViewModel.swift */ = {isa = PBXFileReference; lastKnownFileType = sourcecode.swift; path = CharacterDetailsViewModel.swift; sourceTree = "<group>"; };
		D6BCE39A2A85F350009D149E /* CharacterDetailsCoordinator.swift */ = {isa = PBXFileReference; lastKnownFileType = sourcecode.swift; path = CharacterDetailsCoordinator.swift; sourceTree = "<group>"; };
		D6BCE39C2A85FF84009D149E /* CharactersViewModelDelegate.swift */ = {isa = PBXFileReference; lastKnownFileType = sourcecode.swift; path = CharactersViewModelDelegate.swift; sourceTree = "<group>"; };
		D6BCE3A42A86A439009D149E /* CharactersViewModelTests.swift */ = {isa = PBXFileReference; lastKnownFileType = sourcecode.swift; path = CharactersViewModelTests.swift; sourceTree = "<group>"; };
		D6BCE3AA2A86A4B6009D149E /* EvensTaianStoneChallengeTests.xctest */ = {isa = PBXFileReference; explicitFileType = wrapper.cfbundle; includeInIndex = 0; path = EvensTaianStoneChallengeTests.xctest; sourceTree = BUILT_PRODUCTS_DIR; };
		D6BCE3B42A86CC87009D149E /* BannerContent.swift */ = {isa = PBXFileReference; lastKnownFileType = sourcecode.swift; path = BannerContent.swift; sourceTree = "<group>"; };
		D6BCE3B62A86D022009D149E /* PageDescriptionComponent.swift */ = {isa = PBXFileReference; lastKnownFileType = sourcecode.swift; path = PageDescriptionComponent.swift; sourceTree = "<group>"; };
		D6BCE3B92A86D89E009D149E /* ThemeColors.swift */ = {isa = PBXFileReference; lastKnownFileType = sourcecode.swift; path = ThemeColors.swift; sourceTree = "<group>"; };
		D6BCE3BD2A871633009D149E /* ImageStore.swift */ = {isa = PBXFileReference; lastKnownFileType = sourcecode.swift; path = ImageStore.swift; sourceTree = "<group>"; };
		D6BCE3BF2A8717BC009D149E /* PageListComponent.swift */ = {isa = PBXFileReference; lastKnownFileType = sourcecode.swift; path = PageListComponent.swift; sourceTree = "<group>"; };
		D6BCE3C22A8719A3009D149E /* CharacteresColllectionViewDataSource.swift */ = {isa = PBXFileReference; lastKnownFileType = sourcecode.swift; path = CharacteresColllectionViewDataSource.swift; sourceTree = "<group>"; };
		D6BCE3C52A871CB5009D149E /* CharacterCell.swift */ = {isa = PBXFileReference; lastKnownFileType = sourcecode.swift; path = CharacterCell.swift; sourceTree = "<group>"; };
		D6BCE3C82A8739A7009D149E /* CharacterFilterFactory.swift */ = {isa = PBXFileReference; lastKnownFileType = sourcecode.swift; path = CharacterFilterFactory.swift; sourceTree = "<group>"; };
		D6BCE3CA2A873D4A009D149E /* CharacterFilterViewController.swift */ = {isa = PBXFileReference; lastKnownFileType = sourcecode.swift; path = CharacterFilterViewController.swift; sourceTree = "<group>"; };
		D6BCE3CD2A873DBD009D149E /* FilterContentComponent.swift */ = {isa = PBXFileReference; lastKnownFileType = sourcecode.swift; path = FilterContentComponent.swift; sourceTree = "<group>"; };
		D6BCE3CF2A874AF1009D149E /* CharacterFilterCoordinator.swift */ = {isa = PBXFileReference; lastKnownFileType = sourcecode.swift; path = CharacterFilterCoordinator.swift; sourceTree = "<group>"; };
		D6BCE3D12A874C59009D149E /* CharacterFilterViewModel.swift */ = {isa = PBXFileReference; lastKnownFileType = sourcecode.swift; path = CharacterFilterViewModel.swift; sourceTree = "<group>"; };
		D6BCE3D32A880A10009D149E /* DetailsHeaderComponent.swift */ = {isa = PBXFileReference; lastKnownFileType = sourcecode.swift; path = DetailsHeaderComponent.swift; sourceTree = "<group>"; };
		D6BCE3D62A883E77009D149E /* OrientationManager.swift */ = {isa = PBXFileReference; lastKnownFileType = sourcecode.swift; path = OrientationManager.swift; sourceTree = "<group>"; };
		D6BCE3D82A8840BA009D149E /* CharacterImageComponent.swift */ = {isa = PBXFileReference; lastKnownFileType = sourcecode.swift; path = CharacterImageComponent.swift; sourceTree = "<group>"; };
		D6BCE3DA2A884D4D009D149E /* FilterBannerComponent.swift */ = {isa = PBXFileReference; lastKnownFileType = sourcecode.swift; path = FilterBannerComponent.swift; sourceTree = "<group>"; };
		D6BCE3DC2A885752009D149E /* CharactersService.swift */ = {isa = PBXFileReference; lastKnownFileType = sourcecode.swift; path = CharactersService.swift; sourceTree = "<group>"; };
		D6BCE3DF2A894AFE009D149E /* ApiConstants.swift */ = {isa = PBXFileReference; lastKnownFileType = sourcecode.swift; path = ApiConstants.swift; sourceTree = "<group>"; };
		D6BCE3E12A894B86009D149E /* ApiRequests.swift */ = {isa = PBXFileReference; lastKnownFileType = sourcecode.swift; path = ApiRequests.swift; sourceTree = "<group>"; };
		D6BCE3E52A8979E9009D149E /* Characters.swift */ = {isa = PBXFileReference; lastKnownFileType = sourcecode.swift; path = Characters.swift; sourceTree = "<group>"; };
		D6BCE3E72A89A70E009D149E /* ServiceMessageComponent.swift */ = {isa = PBXFileReference; lastKnownFileType = sourcecode.swift; path = ServiceMessageComponent.swift; sourceTree = "<group>"; };
		D6BCE3E92A8A97C3009D149E /* MainInfoComponent.swift */ = {isa = PBXFileReference; lastKnownFileType = sourcecode.swift; path = MainInfoComponent.swift; sourceTree = "<group>"; };
		D6BCE3EB2A8AA10E009D149E /* SecondaryInfoComponent.swift */ = {isa = PBXFileReference; lastKnownFileType = sourcecode.swift; path = SecondaryInfoComponent.swift; sourceTree = "<group>"; };
		D6BCE3ED2A8AA4F1009D149E /* CharacterDetailsViewModelDelegate.swift */ = {isa = PBXFileReference; lastKnownFileType = sourcecode.swift; path = CharacterDetailsViewModelDelegate.swift; sourceTree = "<group>"; };
		D6BCE3EF2A8AAE14009D149E /* LabelAndValueComponent.swift */ = {isa = PBXFileReference; lastKnownFileType = sourcecode.swift; path = LabelAndValueComponent.swift; sourceTree = "<group>"; };
/* End PBXFileReference section */

/* Begin PBXFrameworksBuildPhase section */
		D6BCE36A2A85C60E009D149E /* Frameworks */ = {
			isa = PBXFrameworksBuildPhase;
			buildActionMask = 2147483647;
			files = (
			);
			runOnlyForDeploymentPostprocessing = 0;
		};
		D6BCE3A72A86A4B6009D149E /* Frameworks */ = {
			isa = PBXFrameworksBuildPhase;
			buildActionMask = 2147483647;
			files = (
			);
			runOnlyForDeploymentPostprocessing = 0;
		};
/* End PBXFrameworksBuildPhase section */

/* Begin PBXGroup section */
		D6BCE3642A85C60E009D149E = {
			isa = PBXGroup;
			children = (
				D6BCE36F2A85C60E009D149E /* EvensTaianStoneChallenge */,
				D6BCE3AB2A86A4B6009D149E /* EvensTaianStoneChallengeTests */,
				D6BCE36E2A85C60E009D149E /* Products */,
			);
			sourceTree = "<group>";
		};
		D6BCE36E2A85C60E009D149E /* Products */ = {
			isa = PBXGroup;
			children = (
				D6BCE36D2A85C60E009D149E /* EvensTaianStoneChallenge.app */,
				D6BCE3AA2A86A4B6009D149E /* EvensTaianStoneChallengeTests.xctest */,
			);
			name = Products;
			sourceTree = "<group>";
		};
		D6BCE36F2A85C60E009D149E /* EvensTaianStoneChallenge */ = {
			isa = PBXGroup;
			children = (
				D6BCE3BB2A871613009D149E /* Networking */,
				D6BCE3932A85F26B009D149E /* Architeture */,
				D6BCE3902A85CEED009D149E /* UIResources */,
				D6BCE3852A85C78F009D149E /* Scenes */,
				D6BCE3842A85C718009D149E /* Application */,
				D6BCE37E2A85C612009D149E /* Info.plist */,
			);
			path = EvensTaianStoneChallenge;
			sourceTree = "<group>";
		};
		D6BCE3842A85C718009D149E /* Application */ = {
			isa = PBXGroup;
			children = (
				D6BCE3702A85C60E009D149E /* AppDelegate.swift */,
			);
			path = Application;
			sourceTree = "<group>";
		};
		D6BCE3852A85C78F009D149E /* Scenes */ = {
			isa = PBXGroup;
			children = (
				D6BCE3C72A873988009D149E /* CharacterFilter */,
				D6BCE3872A85C7AD009D149E /* CharacterDetails */,
				D6BCE3862A85C7A3009D149E /* Characters */,
			);
			path = Scenes;
			sourceTree = "<group>";
		};
		D6BCE3862A85C7A3009D149E /* Characters */ = {
			isa = PBXGroup;
			children = (
				D6BCE3C12A87196C009D149E /* CharacteresCollectionView */,
				D6BCE39F2A86A363009D149E /* Components */,
				D6BCE3882A85C84E009D149E /* CharactersViewController.swift */,
				D6BCE38A2A85C86C009D149E /* CharactersViewModel.swift */,
				D6BCE38C2A85C8EC009D149E /* CharactersCoordinator.swift */,
				D6BCE38E2A85C97E009D149E /* CharactersFactory.swift */,
				D6BCE39C2A85FF84009D149E /* CharactersViewModelDelegate.swift */,
			);
			path = Characters;
			sourceTree = "<group>";
		};
		D6BCE3872A85C7AD009D149E /* CharacterDetails */ = {
			isa = PBXGroup;
			children = (
				D6BCE39E2A86A355009D149E /* Components */,
				D6BCE3912A85F236009D149E /* CharacterDetailsFactory.swift */,
				D6BCE3962A85F2C1009D149E /* CharacterDetailsViewController.swift */,
				D6BCE3982A85F30F009D149E /* CharacterDetailsViewModel.swift */,
				D6BCE39A2A85F350009D149E /* CharacterDetailsCoordinator.swift */,
				D6BCE3ED2A8AA4F1009D149E /* CharacterDetailsViewModelDelegate.swift */,
			);
			path = CharacterDetails;
			sourceTree = "<group>";
		};
		D6BCE3902A85CEED009D149E /* UIResources */ = {
			isa = PBXGroup;
			children = (
				D6BCE3D52A883E57009D149E /* Orientation */,
				D6BCE3B82A86D88E009D149E /* Colors */,
				D6BCE3792A85C612009D149E /* Assets.xcassets */,
				D6BCE37B2A85C612009D149E /* LaunchScreen.storyboard */,
			);
			path = UIResources;
			sourceTree = "<group>";
		};
		D6BCE3932A85F26B009D149E /* Architeture */ = {
			isa = PBXGroup;
			children = (
				D6BCE3942A85F280009D149E /* ViewCode.swift */,
			);
			path = Architeture;
			sourceTree = "<group>";
		};
		D6BCE39E2A86A355009D149E /* Components */ = {
			isa = PBXGroup;
			children = (
				D6BCE3D32A880A10009D149E /* DetailsHeaderComponent.swift */,
				D6BCE3D82A8840BA009D149E /* CharacterImageComponent.swift */,
				D6BCE3E92A8A97C3009D149E /* MainInfoComponent.swift */,
				D6BCE3EB2A8AA10E009D149E /* SecondaryInfoComponent.swift */,
				D6BCE3EF2A8AAE14009D149E /* LabelAndValueComponent.swift */,
			);
			path = Components;
			sourceTree = "<group>";
		};
		D6BCE39F2A86A363009D149E /* Components */ = {
			isa = PBXGroup;
			children = (
				D6BCE3C42A871C9C009D149E /* CollectionCells */,
				D6BCE3B42A86CC87009D149E /* BannerContent.swift */,
				D6BCE3B62A86D022009D149E /* PageDescriptionComponent.swift */,
				D6BCE3BF2A8717BC009D149E /* PageListComponent.swift */,
				D6BCE3E72A89A70E009D149E /* ServiceMessageComponent.swift */,
			);
			path = Components;
			sourceTree = "<group>";
		};
		D6BCE3A12A86A3D7009D149E /* Scenes */ = {
			isa = PBXGroup;
			children = (
				D6BCE3A32A86A3FA009D149E /* CharacterDetailsTests */,
				D6BCE3A22A86A3E2009D149E /* CharactersTests */,
			);
			path = Scenes;
			sourceTree = "<group>";
		};
		D6BCE3A22A86A3E2009D149E /* CharactersTests */ = {
			isa = PBXGroup;
			children = (
				D6BCE3A42A86A439009D149E /* CharactersViewModelTests.swift */,
			);
			path = CharactersTests;
			sourceTree = "<group>";
		};
		D6BCE3A32A86A3FA009D149E /* CharacterDetailsTests */ = {
			isa = PBXGroup;
			children = (
			);
			path = CharacterDetailsTests;
			sourceTree = "<group>";
		};
		D6BCE3AB2A86A4B6009D149E /* EvensTaianStoneChallengeTests */ = {
			isa = PBXGroup;
			children = (
				D6BCE3A12A86A3D7009D149E /* Scenes */,
			);
			path = EvensTaianStoneChallengeTests;
			sourceTree = "<group>";
		};
		D6BCE3B82A86D88E009D149E /* Colors */ = {
			isa = PBXGroup;
			children = (
				D6BCE3B92A86D89E009D149E /* ThemeColors.swift */,
			);
			path = Colors;
			sourceTree = "<group>";
		};
		D6BCE3BB2A871613009D149E /* Networking */ = {
			isa = PBXGroup;
			children = (
				D6BCE3E42A8979C3009D149E /* Model */,
				D6BCE3E32A896A91009D149E /* Service */,
				D6BCE3DE2A894AE3009D149E /* API */,
				D6BCE3BC2A87161A009D149E /* Cache */,
			);
			path = Networking;
			sourceTree = "<group>";
		};
		D6BCE3BC2A87161A009D149E /* Cache */ = {
			isa = PBXGroup;
			children = (
				D6BCE3BD2A871633009D149E /* ImageStore.swift */,
			);
			path = Cache;
			sourceTree = "<group>";
		};
		D6BCE3C12A87196C009D149E /* CharacteresCollectionView */ = {
			isa = PBXGroup;
			children = (
				D6BCE3C22A8719A3009D149E /* CharacteresColllectionViewDataSource.swift */,
			);
			path = CharacteresCollectionView;
			sourceTree = "<group>";
		};
		D6BCE3C42A871C9C009D149E /* CollectionCells */ = {
			isa = PBXGroup;
			children = (
				D6BCE3C52A871CB5009D149E /* CharacterCell.swift */,
			);
			path = CollectionCells;
			sourceTree = "<group>";
		};
		D6BCE3C72A873988009D149E /* CharacterFilter */ = {
			isa = PBXGroup;
			children = (
				D6BCE3CC2A873D99009D149E /* Components */,
				D6BCE3C82A8739A7009D149E /* CharacterFilterFactory.swift */,
				D6BCE3CA2A873D4A009D149E /* CharacterFilterViewController.swift */,
				D6BCE3CF2A874AF1009D149E /* CharacterFilterCoordinator.swift */,
				D6BCE3D12A874C59009D149E /* CharacterFilterViewModel.swift */,
			);
			path = CharacterFilter;
			sourceTree = "<group>";
		};
		D6BCE3CC2A873D99009D149E /* Components */ = {
			isa = PBXGroup;
			children = (
				D6BCE3CD2A873DBD009D149E /* FilterContentComponent.swift */,
				D6BCE3DA2A884D4D009D149E /* FilterBannerComponent.swift */,
			);
			path = Components;
			sourceTree = "<group>";
		};
		D6BCE3D52A883E57009D149E /* Orientation */ = {
			isa = PBXGroup;
			children = (
				D6BCE3D62A883E77009D149E /* OrientationManager.swift */,
			);
			path = Orientation;
			sourceTree = "<group>";
		};
		D6BCE3DE2A894AE3009D149E /* API */ = {
			isa = PBXGroup;
			children = (
				D6BCE3DF2A894AFE009D149E /* ApiConstants.swift */,
				D6BCE3E12A894B86009D149E /* ApiRequests.swift */,
			);
			path = API;
			sourceTree = "<group>";
		};
		D6BCE3E32A896A91009D149E /* Service */ = {
			isa = PBXGroup;
			children = (
				D6BCE3DC2A885752009D149E /* CharactersService.swift */,
			);
			path = Service;
			sourceTree = "<group>";
		};
		D6BCE3E42A8979C3009D149E /* Model */ = {
			isa = PBXGroup;
			children = (
				D6BCE3E52A8979E9009D149E /* Characters.swift */,
			);
			path = Model;
			sourceTree = "<group>";
		};
/* End PBXGroup section */

/* Begin PBXNativeTarget section */
		D6BCE36C2A85C60E009D149E /* EvensTaianStoneChallenge */ = {
			isa = PBXNativeTarget;
			buildConfigurationList = D6BCE3812A85C612009D149E /* Build configuration list for PBXNativeTarget "EvensTaianStoneChallenge" */;
			buildPhases = (
				D6BCE3692A85C60E009D149E /* Sources */,
				D6BCE36A2A85C60E009D149E /* Frameworks */,
				D6BCE36B2A85C60E009D149E /* Resources */,
			);
			buildRules = (
			);
			dependencies = (
			);
			name = EvensTaianStoneChallenge;
			productName = EvensTaianStoneChallenge;
			productReference = D6BCE36D2A85C60E009D149E /* EvensTaianStoneChallenge.app */;
			productType = "com.apple.product-type.application";
		};
		D6BCE3A92A86A4B6009D149E /* EvensTaianStoneChallengeTests */ = {
			isa = PBXNativeTarget;
			buildConfigurationList = D6BCE3B02A86A4B6009D149E /* Build configuration list for PBXNativeTarget "EvensTaianStoneChallengeTests" */;
			buildPhases = (
				D6BCE3A62A86A4B6009D149E /* Sources */,
				D6BCE3A72A86A4B6009D149E /* Frameworks */,
				D6BCE3A82A86A4B6009D149E /* Resources */,
			);
			buildRules = (
			);
			dependencies = (
				D6BCE3AF2A86A4B6009D149E /* PBXTargetDependency */,
			);
			name = EvensTaianStoneChallengeTests;
			productName = EvensTaianStoneChallengeTests;
			productReference = D6BCE3AA2A86A4B6009D149E /* EvensTaianStoneChallengeTests.xctest */;
			productType = "com.apple.product-type.bundle.unit-test";
		};
/* End PBXNativeTarget section */

/* Begin PBXProject section */
		D6BCE3652A85C60E009D149E /* Project object */ = {
			isa = PBXProject;
			attributes = {
				BuildIndependentTargetsInParallel = 1;
				LastSwiftUpdateCheck = 1300;
				LastUpgradeCheck = 1300;
				TargetAttributes = {
					D6BCE36C2A85C60E009D149E = {
						CreatedOnToolsVersion = 13.0;
					};
					D6BCE3A92A86A4B6009D149E = {
						CreatedOnToolsVersion = 13.0;
						TestTargetID = D6BCE36C2A85C60E009D149E;
					};
				};
			};
			buildConfigurationList = D6BCE3682A85C60E009D149E /* Build configuration list for PBXProject "EvensTaianStoneChallenge" */;
			compatibilityVersion = "Xcode 13.0";
			developmentRegion = en;
			hasScannedForEncodings = 0;
			knownRegions = (
				en,
				Base,
			);
			mainGroup = D6BCE3642A85C60E009D149E;
			productRefGroup = D6BCE36E2A85C60E009D149E /* Products */;
			projectDirPath = "";
			projectRoot = "";
			targets = (
				D6BCE36C2A85C60E009D149E /* EvensTaianStoneChallenge */,
				D6BCE3A92A86A4B6009D149E /* EvensTaianStoneChallengeTests */,
			);
		};
/* End PBXProject section */

/* Begin PBXResourcesBuildPhase section */
		D6BCE36B2A85C60E009D149E /* Resources */ = {
			isa = PBXResourcesBuildPhase;
			buildActionMask = 2147483647;
			files = (
				D6BCE37D2A85C612009D149E /* LaunchScreen.storyboard in Resources */,
				D6BCE37A2A85C612009D149E /* Assets.xcassets in Resources */,
			);
			runOnlyForDeploymentPostprocessing = 0;
		};
		D6BCE3A82A86A4B6009D149E /* Resources */ = {
			isa = PBXResourcesBuildPhase;
			buildActionMask = 2147483647;
			files = (
			);
			runOnlyForDeploymentPostprocessing = 0;
		};
/* End PBXResourcesBuildPhase section */

/* Begin PBXSourcesBuildPhase section */
		D6BCE3692A85C60E009D149E /* Sources */ = {
			isa = PBXSourcesBuildPhase;
			buildActionMask = 2147483647;
			files = (
				D6BCE38F2A85C97E009D149E /* CharactersFactory.swift in Sources */,
				D6BCE3E82A89A70E009D149E /* ServiceMessageComponent.swift in Sources */,
				D6BCE3D42A880A10009D149E /* DetailsHeaderComponent.swift in Sources */,
				D6BCE3E22A894B86009D149E /* ApiRequests.swift in Sources */,
				D6BCE3972A85F2C1009D149E /* CharacterDetailsViewController.swift in Sources */,
				D6BCE38D2A85C8EC009D149E /* CharactersCoordinator.swift in Sources */,
				D6BCE3C92A8739A7009D149E /* CharacterFilterFactory.swift in Sources */,
				D6BCE3CB2A873D4A009D149E /* CharacterFilterViewController.swift in Sources */,
				D6BCE3892A85C84E009D149E /* CharactersViewController.swift in Sources */,
				D6BCE3EA2A8A97C4009D149E /* MainInfoComponent.swift in Sources */,
				D6BCE3EE2A8AA4F1009D149E /* CharacterDetailsViewModelDelegate.swift in Sources */,
				D6BCE3DD2A885752009D149E /* CharactersService.swift in Sources */,
				D6BCE3E62A8979E9009D149E /* Characters.swift in Sources */,
				D6BCE3952A85F280009D149E /* ViewCode.swift in Sources */,
				D6BCE39B2A85F350009D149E /* CharacterDetailsCoordinator.swift in Sources */,
				D6BCE3B72A86D022009D149E /* PageDescriptionComponent.swift in Sources */,
				D6BCE3DB2A884D4D009D149E /* FilterBannerComponent.swift in Sources */,
				D6BCE3CE2A873DBD009D149E /* FilterContentComponent.swift in Sources */,
				D6BCE3C62A871CB6009D149E /* CharacterCell.swift in Sources */,
				D6BCE3E02A894AFE009D149E /* ApiConstants.swift in Sources */,
				D6BCE3992A85F30F009D149E /* CharacterDetailsViewModel.swift in Sources */,
				D6BCE3EC2A8AA10E009D149E /* SecondaryInfoComponent.swift in Sources */,
				D6BCE3D02A874AF1009D149E /* CharacterFilterCoordinator.swift in Sources */,
				D6BCE3BE2A871633009D149E /* ImageStore.swift in Sources */,
				D6BCE3712A85C60E009D149E /* AppDelegate.swift in Sources */,
				D6BCE38B2A85C86C009D149E /* CharactersViewModel.swift in Sources */,
				D6BCE3C32A8719A3009D149E /* CharacteresColllectionViewDataSource.swift in Sources */,
				D6BCE3D72A883E78009D149E /* OrientationManager.swift in Sources */,
				D6BCE39D2A85FF84009D149E /* CharactersViewModelDelegate.swift in Sources */,
				D6BCE3BA2A86D89E009D149E /* ThemeColors.swift in Sources */,
				D6BCE3922A85F236009D149E /* CharacterDetailsFactory.swift in Sources */,
				D6BCE3C02A8717BC009D149E /* PageListComponent.swift in Sources */,
				D6BCE3D92A8840BA009D149E /* CharacterImageComponent.swift in Sources */,
				D6BCE3B52A86CC87009D149E /* BannerContent.swift in Sources */,
				D6BCE3F02A8AAE15009D149E /* LabelAndValueComponent.swift in Sources */,
				D6BCE3D22A874C59009D149E /* CharacterFilterViewModel.swift in Sources */,
			);
			runOnlyForDeploymentPostprocessing = 0;
		};
		D6BCE3A62A86A4B6009D149E /* Sources */ = {
			isa = PBXSourcesBuildPhase;
			buildActionMask = 2147483647;
			files = (
				D6BCE3B32A86A4D9009D149E /* CharactersViewModelTests.swift in Sources */,
			);
			runOnlyForDeploymentPostprocessing = 0;
		};
/* End PBXSourcesBuildPhase section */

/* Begin PBXTargetDependency section */
		D6BCE3AF2A86A4B6009D149E /* PBXTargetDependency */ = {
			isa = PBXTargetDependency;
			target = D6BCE36C2A85C60E009D149E /* EvensTaianStoneChallenge */;
			targetProxy = D6BCE3AE2A86A4B6009D149E /* PBXContainerItemProxy */;
		};
/* End PBXTargetDependency section */

/* Begin PBXVariantGroup section */
		D6BCE37B2A85C612009D149E /* LaunchScreen.storyboard */ = {
			isa = PBXVariantGroup;
			children = (
				D6BCE37C2A85C612009D149E /* Base */,
			);
			name = LaunchScreen.storyboard;
			sourceTree = "<group>";
		};
/* End PBXVariantGroup section */

/* Begin XCBuildConfiguration section */
		D6BCE37F2A85C612009D149E /* Debug */ = {
			isa = XCBuildConfiguration;
			buildSettings = {
				ALWAYS_SEARCH_USER_PATHS = NO;
				CLANG_ANALYZER_NONNULL = YES;
				CLANG_ANALYZER_NUMBER_OBJECT_CONVERSION = YES_AGGRESSIVE;
				CLANG_CXX_LANGUAGE_STANDARD = "gnu++17";
				CLANG_CXX_LIBRARY = "libc++";
				CLANG_ENABLE_MODULES = YES;
				CLANG_ENABLE_OBJC_ARC = YES;
				CLANG_ENABLE_OBJC_WEAK = YES;
				CLANG_WARN_BLOCK_CAPTURE_AUTORELEASING = YES;
				CLANG_WARN_BOOL_CONVERSION = YES;
				CLANG_WARN_COMMA = YES;
				CLANG_WARN_CONSTANT_CONVERSION = YES;
				CLANG_WARN_DEPRECATED_OBJC_IMPLEMENTATIONS = YES;
				CLANG_WARN_DIRECT_OBJC_ISA_USAGE = YES_ERROR;
				CLANG_WARN_DOCUMENTATION_COMMENTS = YES;
				CLANG_WARN_EMPTY_BODY = YES;
				CLANG_WARN_ENUM_CONVERSION = YES;
				CLANG_WARN_INFINITE_RECURSION = YES;
				CLANG_WARN_INT_CONVERSION = YES;
				CLANG_WARN_NON_LITERAL_NULL_CONVERSION = YES;
				CLANG_WARN_OBJC_IMPLICIT_RETAIN_SELF = YES;
				CLANG_WARN_OBJC_LITERAL_CONVERSION = YES;
				CLANG_WARN_OBJC_ROOT_CLASS = YES_ERROR;
				CLANG_WARN_QUOTED_INCLUDE_IN_FRAMEWORK_HEADER = YES;
				CLANG_WARN_RANGE_LOOP_ANALYSIS = YES;
				CLANG_WARN_STRICT_PROTOTYPES = YES;
				CLANG_WARN_SUSPICIOUS_MOVE = YES;
				CLANG_WARN_UNGUARDED_AVAILABILITY = YES_AGGRESSIVE;
				CLANG_WARN_UNREACHABLE_CODE = YES;
				CLANG_WARN__DUPLICATE_METHOD_MATCH = YES;
				COPY_PHASE_STRIP = NO;
				DEBUG_INFORMATION_FORMAT = dwarf;
				ENABLE_STRICT_OBJC_MSGSEND = YES;
				ENABLE_TESTABILITY = YES;
				GCC_C_LANGUAGE_STANDARD = gnu11;
				GCC_DYNAMIC_NO_PIC = NO;
				GCC_NO_COMMON_BLOCKS = YES;
				GCC_OPTIMIZATION_LEVEL = 0;
				GCC_PREPROCESSOR_DEFINITIONS = (
					"DEBUG=1",
					"$(inherited)",
				);
				GCC_WARN_64_TO_32_BIT_CONVERSION = YES;
				GCC_WARN_ABOUT_RETURN_TYPE = YES_ERROR;
				GCC_WARN_UNDECLARED_SELECTOR = YES;
				GCC_WARN_UNINITIALIZED_AUTOS = YES_AGGRESSIVE;
				GCC_WARN_UNUSED_FUNCTION = YES;
				GCC_WARN_UNUSED_VARIABLE = YES;
				IPHONEOS_DEPLOYMENT_TARGET = 15.0;
				MTL_ENABLE_DEBUG_INFO = INCLUDE_SOURCE;
				MTL_FAST_MATH = YES;
				ONLY_ACTIVE_ARCH = YES;
				SDKROOT = iphoneos;
				SWIFT_ACTIVE_COMPILATION_CONDITIONS = DEBUG;
				SWIFT_OPTIMIZATION_LEVEL = "-Onone";
			};
			name = Debug;
		};
		D6BCE3802A85C612009D149E /* Release */ = {
			isa = XCBuildConfiguration;
			buildSettings = {
				ALWAYS_SEARCH_USER_PATHS = NO;
				CLANG_ANALYZER_NONNULL = YES;
				CLANG_ANALYZER_NUMBER_OBJECT_CONVERSION = YES_AGGRESSIVE;
				CLANG_CXX_LANGUAGE_STANDARD = "gnu++17";
				CLANG_CXX_LIBRARY = "libc++";
				CLANG_ENABLE_MODULES = YES;
				CLANG_ENABLE_OBJC_ARC = YES;
				CLANG_ENABLE_OBJC_WEAK = YES;
				CLANG_WARN_BLOCK_CAPTURE_AUTORELEASING = YES;
				CLANG_WARN_BOOL_CONVERSION = YES;
				CLANG_WARN_COMMA = YES;
				CLANG_WARN_CONSTANT_CONVERSION = YES;
				CLANG_WARN_DEPRECATED_OBJC_IMPLEMENTATIONS = YES;
				CLANG_WARN_DIRECT_OBJC_ISA_USAGE = YES_ERROR;
				CLANG_WARN_DOCUMENTATION_COMMENTS = YES;
				CLANG_WARN_EMPTY_BODY = YES;
				CLANG_WARN_ENUM_CONVERSION = YES;
				CLANG_WARN_INFINITE_RECURSION = YES;
				CLANG_WARN_INT_CONVERSION = YES;
				CLANG_WARN_NON_LITERAL_NULL_CONVERSION = YES;
				CLANG_WARN_OBJC_IMPLICIT_RETAIN_SELF = YES;
				CLANG_WARN_OBJC_LITERAL_CONVERSION = YES;
				CLANG_WARN_OBJC_ROOT_CLASS = YES_ERROR;
				CLANG_WARN_QUOTED_INCLUDE_IN_FRAMEWORK_HEADER = YES;
				CLANG_WARN_RANGE_LOOP_ANALYSIS = YES;
				CLANG_WARN_STRICT_PROTOTYPES = YES;
				CLANG_WARN_SUSPICIOUS_MOVE = YES;
				CLANG_WARN_UNGUARDED_AVAILABILITY = YES_AGGRESSIVE;
				CLANG_WARN_UNREACHABLE_CODE = YES;
				CLANG_WARN__DUPLICATE_METHOD_MATCH = YES;
				COPY_PHASE_STRIP = NO;
				DEBUG_INFORMATION_FORMAT = "dwarf-with-dsym";
				ENABLE_NS_ASSERTIONS = NO;
				ENABLE_STRICT_OBJC_MSGSEND = YES;
				GCC_C_LANGUAGE_STANDARD = gnu11;
				GCC_NO_COMMON_BLOCKS = YES;
				GCC_WARN_64_TO_32_BIT_CONVERSION = YES;
				GCC_WARN_ABOUT_RETURN_TYPE = YES_ERROR;
				GCC_WARN_UNDECLARED_SELECTOR = YES;
				GCC_WARN_UNINITIALIZED_AUTOS = YES_AGGRESSIVE;
				GCC_WARN_UNUSED_FUNCTION = YES;
				GCC_WARN_UNUSED_VARIABLE = YES;
				IPHONEOS_DEPLOYMENT_TARGET = 15.0;
				MTL_ENABLE_DEBUG_INFO = NO;
				MTL_FAST_MATH = YES;
				SDKROOT = iphoneos;
				SWIFT_COMPILATION_MODE = wholemodule;
				SWIFT_OPTIMIZATION_LEVEL = "-O";
				VALIDATE_PRODUCT = YES;
			};
			name = Release;
		};
		D6BCE3822A85C612009D149E /* Debug */ = {
			isa = XCBuildConfiguration;
			buildSettings = {
				ASSETCATALOG_COMPILER_APPICON_NAME = AppIcon;
				ASSETCATALOG_COMPILER_GLOBAL_ACCENT_COLOR_NAME = AccentColor;
				CODE_SIGN_STYLE = Automatic;
				CURRENT_PROJECT_VERSION = 1;
				DEVELOPMENT_TEAM = NKZKJG4ZLT;
				GENERATE_INFOPLIST_FILE = YES;
				INFOPLIST_FILE = EvensTaianStoneChallenge/Info.plist;
				INFOPLIST_KEY_UIApplicationSupportsIndirectInputEvents = YES;
				INFOPLIST_KEY_UILaunchStoryboardName = LaunchScreen;
				INFOPLIST_KEY_UISupportedInterfaceOrientations_iPad = "UIInterfaceOrientationPortrait UIInterfaceOrientationPortraitUpsideDown UIInterfaceOrientationLandscapeLeft UIInterfaceOrientationLandscapeRight";
				INFOPLIST_KEY_UISupportedInterfaceOrientations_iPhone = "UIInterfaceOrientationPortrait UIInterfaceOrientationLandscapeLeft UIInterfaceOrientationLandscapeRight";
				LD_RUNPATH_SEARCH_PATHS = (
					"$(inherited)",
					"@executable_path/Frameworks",
				);
				MARKETING_VERSION = 1.0;
				PRODUCT_BUNDLE_IDENTIFIER = br.com.evenstaian.EvensTaianStoneChallenge;
				PRODUCT_NAME = "$(TARGET_NAME)";
				SWIFT_EMIT_LOC_STRINGS = YES;
				SWIFT_VERSION = 5.0;
				TARGETED_DEVICE_FAMILY = "1,2";
			};
			name = Debug;
		};
		D6BCE3832A85C612009D149E /* Release */ = {
			isa = XCBuildConfiguration;
			buildSettings = {
				ASSETCATALOG_COMPILER_APPICON_NAME = AppIcon;
				ASSETCATALOG_COMPILER_GLOBAL_ACCENT_COLOR_NAME = AccentColor;
				CODE_SIGN_STYLE = Automatic;
				CURRENT_PROJECT_VERSION = 1;
				DEVELOPMENT_TEAM = NKZKJG4ZLT;
				GENERATE_INFOPLIST_FILE = YES;
				INFOPLIST_FILE = EvensTaianStoneChallenge/Info.plist;
				INFOPLIST_KEY_UIApplicationSupportsIndirectInputEvents = YES;
				INFOPLIST_KEY_UILaunchStoryboardName = LaunchScreen;
				INFOPLIST_KEY_UISupportedInterfaceOrientations_iPad = "UIInterfaceOrientationPortrait UIInterfaceOrientationPortraitUpsideDown UIInterfaceOrientationLandscapeLeft UIInterfaceOrientationLandscapeRight";
				INFOPLIST_KEY_UISupportedInterfaceOrientations_iPhone = "UIInterfaceOrientationPortrait UIInterfaceOrientationLandscapeLeft UIInterfaceOrientationLandscapeRight";
				LD_RUNPATH_SEARCH_PATHS = (
					"$(inherited)",
					"@executable_path/Frameworks",
				);
				MARKETING_VERSION = 1.0;
				PRODUCT_BUNDLE_IDENTIFIER = br.com.evenstaian.EvensTaianStoneChallenge;
				PRODUCT_NAME = "$(TARGET_NAME)";
				SWIFT_EMIT_LOC_STRINGS = YES;
				SWIFT_VERSION = 5.0;
				TARGETED_DEVICE_FAMILY = "1,2";
			};
			name = Release;
		};
		D6BCE3B12A86A4B6009D149E /* Debug */ = {
			isa = XCBuildConfiguration;
			buildSettings = {
				BUNDLE_LOADER = "$(TEST_HOST)";
				CODE_SIGN_STYLE = Automatic;
				CURRENT_PROJECT_VERSION = 1;
				DEVELOPMENT_TEAM = NKZKJG4ZLT;
				GENERATE_INFOPLIST_FILE = YES;
				LD_RUNPATH_SEARCH_PATHS = (
					"$(inherited)",
					"@executable_path/Frameworks",
					"@loader_path/Frameworks",
				);
				MARKETING_VERSION = 1.0;
				PRODUCT_BUNDLE_IDENTIFIER = br.com.evenstaian.EvensTaianStoneChallengeTests;
				PRODUCT_NAME = "$(TARGET_NAME)";
				SWIFT_EMIT_LOC_STRINGS = NO;
				SWIFT_VERSION = 5.0;
				TARGETED_DEVICE_FAMILY = "1,2";
				TEST_HOST = "$(BUILT_PRODUCTS_DIR)/EvensTaianStoneChallenge.app/EvensTaianStoneChallenge";
			};
			name = Debug;
		};
		D6BCE3B22A86A4B6009D149E /* Release */ = {
			isa = XCBuildConfiguration;
			buildSettings = {
				BUNDLE_LOADER = "$(TEST_HOST)";
				CODE_SIGN_STYLE = Automatic;
				CURRENT_PROJECT_VERSION = 1;
				DEVELOPMENT_TEAM = NKZKJG4ZLT;
				GENERATE_INFOPLIST_FILE = YES;
				LD_RUNPATH_SEARCH_PATHS = (
					"$(inherited)",
					"@executable_path/Frameworks",
					"@loader_path/Frameworks",
				);
				MARKETING_VERSION = 1.0;
				PRODUCT_BUNDLE_IDENTIFIER = br.com.evenstaian.EvensTaianStoneChallengeTests;
				PRODUCT_NAME = "$(TARGET_NAME)";
				SWIFT_EMIT_LOC_STRINGS = NO;
				SWIFT_VERSION = 5.0;
				TARGETED_DEVICE_FAMILY = "1,2";
				TEST_HOST = "$(BUILT_PRODUCTS_DIR)/EvensTaianStoneChallenge.app/EvensTaianStoneChallenge";
			};
			name = Release;
		};
/* End XCBuildConfiguration section */

/* Begin XCConfigurationList section */
		D6BCE3682A85C60E009D149E /* Build configuration list for PBXProject "EvensTaianStoneChallenge" */ = {
			isa = XCConfigurationList;
			buildConfigurations = (
				D6BCE37F2A85C612009D149E /* Debug */,
				D6BCE3802A85C612009D149E /* Release */,
			);
			defaultConfigurationIsVisible = 0;
			defaultConfigurationName = Release;
		};
		D6BCE3812A85C612009D149E /* Build configuration list for PBXNativeTarget "EvensTaianStoneChallenge" */ = {
			isa = XCConfigurationList;
			buildConfigurations = (
				D6BCE3822A85C612009D149E /* Debug */,
				D6BCE3832A85C612009D149E /* Release */,
			);
			defaultConfigurationIsVisible = 0;
			defaultConfigurationName = Release;
		};
		D6BCE3B02A86A4B6009D149E /* Build configuration list for PBXNativeTarget "EvensTaianStoneChallengeTests" */ = {
			isa = XCConfigurationList;
			buildConfigurations = (
				D6BCE3B12A86A4B6009D149E /* Debug */,
				D6BCE3B22A86A4B6009D149E /* Release */,
			);
			defaultConfigurationIsVisible = 0;
			defaultConfigurationName = Release;
		};
/* End XCConfigurationList section */
	};
	rootObject = D6BCE3652A85C60E009D149E /* Project object */;
}
